// !$*UTF8*$!
{
	archiveVersion = 1;
	classes = {
	};
	objectVersion = 46;
	objects = {

/* Begin PBXBuildFile section */
		54229DA017978F29005C6375 /* UIKit.framework in Frameworks */ = {isa = PBXBuildFile; fileRef = 54229D9F17978F29005C6375 /* UIKit.framework */; };
		54229DA217978F29005C6375 /* Foundation.framework in Frameworks */ = {isa = PBXBuildFile; fileRef = 54229DA117978F29005C6375 /* Foundation.framework */; };
		54229DA417978F29005C6375 /* CoreGraphics.framework in Frameworks */ = {isa = PBXBuildFile; fileRef = 54229DA317978F29005C6375 /* CoreGraphics.framework */; };
		54229DAA17978F29005C6375 /* InfoPlist.strings in Resources */ = {isa = PBXBuildFile; fileRef = 54229DA817978F29005C6375 /* InfoPlist.strings */; };
		54229DAC17978F29005C6375 /* main.m in Sources */ = {isa = PBXBuildFile; fileRef = 54229DAB17978F29005C6375 /* main.m */; };
		54229DB017978F29005C6375 /* AppDelegate.m in Sources */ = {isa = PBXBuildFile; fileRef = 54229DAF17978F29005C6375 /* AppDelegate.m */; };
		54229DB217978F29005C6375 /* Default.png in Resources */ = {isa = PBXBuildFile; fileRef = 54229DB117978F29005C6375 /* Default.png */; };
		54229DB417978F29005C6375 /* Default@2x.png in Resources */ = {isa = PBXBuildFile; fileRef = 54229DB317978F29005C6375 /* Default@2x.png */; };
		54229DB617978F29005C6375 /* Default-568h@2x.png in Resources */ = {isa = PBXBuildFile; fileRef = 54229DB517978F29005C6375 /* Default-568h@2x.png */; };
		54229DB917978F29005C6375 /* ViewController.m in Sources */ = {isa = PBXBuildFile; fileRef = 54229DB817978F29005C6375 /* ViewController.m */; };
		54229DBC17978F29005C6375 /* ViewController.xib in Resources */ = {isa = PBXBuildFile; fileRef = 54229DBA17978F29005C6375 /* ViewController.xib */; };
		54229DC717978F76005C6375 /* test.jpg in Resources */ = {isa = PBXBuildFile; fileRef = 54229DC617978F76005C6375 /* test.jpg */; };
		54229DC917978FBB005C6375 /* CoreImage.framework in Frameworks */ = {isa = PBXBuildFile; fileRef = 54229DC817978FBB005C6375 /* CoreImage.framework */; };
		54229DCB17978FC6005C6375 /* QuartzCore.framework in Frameworks */ = {isa = PBXBuildFile; fileRef = 54229DCA17978FC6005C6375 /* QuartzCore.framework */; };
		54229DCF1797A17E005C6375 /* DelineationView.m in Sources */ = {isa = PBXBuildFile; fileRef = 54229DCE1797A17E005C6375 /* DelineationView.m */; };
/* End PBXBuildFile section */

/* Begin PBXFileReference section */
		54229D9C17978F29005C6375 /* DLDelineationViewDemo.app */ = {isa = PBXFileReference; explicitFileType = wrapper.application; includeInIndex = 0; path = DLDelineationViewDemo.app; sourceTree = BUILT_PRODUCTS_DIR; };
		54229D9F17978F29005C6375 /* UIKit.framework */ = {isa = PBXFileReference; lastKnownFileType = wrapper.framework; name = UIKit.framework; path = System/Library/Frameworks/UIKit.framework; sourceTree = SDKROOT; };
		54229DA117978F29005C6375 /* Foundation.framework */ = {isa = PBXFileReference; lastKnownFileType = wrapper.framework; name = Foundation.framework; path = System/Library/Frameworks/Foundation.framework; sourceTree = SDKROOT; };
		54229DA317978F29005C6375 /* CoreGraphics.framework */ = {isa = PBXFileReference; lastKnownFileType = wrapper.framework; name = CoreGraphics.framework; path = System/Library/Frameworks/CoreGraphics.framework; sourceTree = SDKROOT; };
		54229DA717978F29005C6375 /* DLDelineationViewDemo-Info.plist */ = {isa = PBXFileReference; lastKnownFileType = text.plist.xml; path = "DLDelineationViewDemo-Info.plist"; sourceTree = "<group>"; };
		54229DA917978F29005C6375 /* en */ = {isa = PBXFileReference; lastKnownFileType = text.plist.strings; name = en; path = en.lproj/InfoPlist.strings; sourceTree = "<group>"; };
		54229DAB17978F29005C6375 /* main.m */ = {isa = PBXFileReference; lastKnownFileType = sourcecode.c.objc; path = main.m; sourceTree = "<group>"; };
		54229DAD17978F29005C6375 /* DLDelineationViewDemo-Prefix.pch */ = {isa = PBXFileReference; lastKnownFileType = sourcecode.c.h; path = "DLDelineationViewDemo-Prefix.pch"; sourceTree = "<group>"; };
		54229DAE17978F29005C6375 /* AppDelegate.h */ = {isa = PBXFileReference; lastKnownFileType = sourcecode.c.h; path = AppDelegate.h; sourceTree = "<group>"; };
		54229DAF17978F29005C6375 /* AppDelegate.m */ = {isa = PBXFileReference; lastKnownFileType = sourcecode.c.objc; path = AppDelegate.m; sourceTree = "<group>"; };
		54229DB117978F29005C6375 /* Default.png */ = {isa = PBXFileReference; lastKnownFileType = image.png; path = Default.png; sourceTree = "<group>"; };
		54229DB317978F29005C6375 /* Default@2x.png */ = {isa = PBXFileReference; lastKnownFileType = image.png; path = "Default@2x.png"; sourceTree = "<group>"; };
		54229DB517978F29005C6375 /* Default-568h@2x.png */ = {isa = PBXFileReference; lastKnownFileType = image.png; path = "Default-568h@2x.png"; sourceTree = "<group>"; };
		54229DB717978F29005C6375 /* ViewController.h */ = {isa = PBXFileReference; lastKnownFileType = sourcecode.c.h; path = ViewController.h; sourceTree = "<group>"; };
		54229DB817978F29005C6375 /* ViewController.m */ = {isa = PBXFileReference; lastKnownFileType = sourcecode.c.objc; path = ViewController.m; sourceTree = "<group>"; };
		54229DBB17978F29005C6375 /* en */ = {isa = PBXFileReference; lastKnownFileType = file.xib; name = en; path = en.lproj/ViewController.xib; sourceTree = "<group>"; };
		54229DC617978F76005C6375 /* test.jpg */ = {isa = PBXFileReference; lastKnownFileType = image.jpeg; path = test.jpg; sourceTree = "<group>"; };
		54229DC817978FBB005C6375 /* CoreImage.framework */ = {isa = PBXFileReference; lastKnownFileType = wrapper.framework; name = CoreImage.framework; path = System/Library/Frameworks/CoreImage.framework; sourceTree = SDKROOT; };
		54229DCA17978FC6005C6375 /* QuartzCore.framework */ = {isa = PBXFileReference; lastKnownFileType = wrapper.framework; name = QuartzCore.framework; path = System/Library/Frameworks/QuartzCore.framework; sourceTree = SDKROOT; };
		54229DCD1797A17E005C6375 /* DelineationView.h */ = {isa = PBXFileReference; fileEncoding = 4; lastKnownFileType = sourcecode.c.h; path = DelineationView.h; sourceTree = "<group>"; };
		54229DCE1797A17E005C6375 /* DelineationView.m */ = {isa = PBXFileReference; fileEncoding = 4; lastKnownFileType = sourcecode.c.objc; path = DelineationView.m; sourceTree = "<group>"; };
/* End PBXFileReference section */

/* Begin PBXFrameworksBuildPhase section */
		54229D9917978F29005C6375 /* Frameworks */ = {
			isa = PBXFrameworksBuildPhase;
			buildActionMask = 2147483647;
			files = (
				54229DCB17978FC6005C6375 /* QuartzCore.framework in Frameworks */,
				54229DC917978FBB005C6375 /* CoreImage.framework in Frameworks */,
				54229DA017978F29005C6375 /* UIKit.framework in Frameworks */,
				54229DA217978F29005C6375 /* Foundation.framework in Frameworks */,
				54229DA417978F29005C6375 /* CoreGraphics.framework in Frameworks */,
			);
			runOnlyForDeploymentPostprocessing = 0;
		};
/* End PBXFrameworksBuildPhase section */

/* Begin PBXGroup section */
		54229D9317978F29005C6375 = {
			isa = PBXGroup;
			children = (
				54229DA517978F29005C6375 /* DLDelineationViewDemo */,
				54229D9E17978F29005C6375 /* Frameworks */,
				54229D9D17978F29005C6375 /* Products */,
			);
			sourceTree = "<group>";
		};
		54229D9D17978F29005C6375 /* Products */ = {
			isa = PBXGroup;
			children = (
				54229D9C17978F29005C6375 /* DLDelineationViewDemo.app */,
			);
			name = Products;
			sourceTree = "<group>";
		};
		54229D9E17978F29005C6375 /* Frameworks */ = {
			isa = PBXGroup;
			children = (
				54229DCA17978FC6005C6375 /* QuartzCore.framework */,
				54229DC817978FBB005C6375 /* CoreImage.framework */,
				54229D9F17978F29005C6375 /* UIKit.framework */,
				54229DA117978F29005C6375 /* Foundation.framework */,
				54229DA317978F29005C6375 /* CoreGraphics.framework */,
			);
			name = Frameworks;
			sourceTree = "<group>";
		};
		54229DA517978F29005C6375 /* DLDelineationViewDemo */ = {
			isa = PBXGroup;
			children = (
				54229DCC1797A17E005C6375 /* DelineationView */,
				54229DAE17978F29005C6375 /* AppDelegate.h */,
				54229DAF17978F29005C6375 /* AppDelegate.m */,
				54229DB717978F29005C6375 /* ViewController.h */,
				54229DB817978F29005C6375 /* ViewController.m */,
				54229DBA17978F29005C6375 /* ViewController.xib */,
				54229DA617978F29005C6375 /* Supporting Files */,
			);
			path = DLDelineationViewDemo;
			sourceTree = "<group>";
		};
		54229DA617978F29005C6375 /* Supporting Files */ = {
			isa = PBXGroup;
			children = (
				54229DC617978F76005C6375 /* test.jpg */,
				54229DA717978F29005C6375 /* DLDelineationViewDemo-Info.plist */,
				54229DA817978F29005C6375 /* InfoPlist.strings */,
				54229DAB17978F29005C6375 /* main.m */,
				54229DAD17978F29005C6375 /* DLDelineationViewDemo-Prefix.pch */,
				54229DB117978F29005C6375 /* Default.png */,
				54229DB317978F29005C6375 /* Default@2x.png */,
				54229DB517978F29005C6375 /* Default-568h@2x.png */,
			);
			name = "Supporting Files";
			sourceTree = "<group>";
		};
		54229DCC1797A17E005C6375 /* DelineationView */ = {
			isa = PBXGroup;
			children = (
				54229DCD1797A17E005C6375 /* DelineationView.h */,
				54229DCE1797A17E005C6375 /* DelineationView.m */,
			);
			path = DelineationView;
			sourceTree = SOURCE_ROOT;
		};
/* End PBXGroup section */

/* Begin PBXNativeTarget section */
		54229D9B17978F29005C6375 /* DLDelineationViewDemo */ = {
			isa = PBXNativeTarget;
			buildConfigurationList = 54229DBF17978F29005C6375 /* Build configuration list for PBXNativeTarget "DLDelineationViewDemo" */;
			buildPhases = (
				54229D9817978F29005C6375 /* Sources */,
				54229D9917978F29005C6375 /* Frameworks */,
				54229D9A17978F29005C6375 /* Resources */,
			);
			buildRules = (
			);
			dependencies = (
			);
			name = DLDelineationViewDemo;
			productName = DLDelineationViewDemo;
			productReference = 54229D9C17978F29005C6375 /* DLDelineationViewDemo.app */;
			productType = "com.apple.product-type.application";
		};
/* End PBXNativeTarget section */

/* Begin PBXProject section */
		54229D9417978F29005C6375 /* Project object */ = {
			isa = PBXProject;
			attributes = {
				LastUpgradeCheck = 0460;
				ORGANIZATIONNAME = "david lee";
			};
			buildConfigurationList = 54229D9717978F29005C6375 /* Build configuration list for PBXProject "DLDelineationViewDemo" */;
			compatibilityVersion = "Xcode 3.2";
			developmentRegion = English;
			hasScannedForEncodings = 0;
			knownRegions = (
				en,
			);
			mainGroup = 54229D9317978F29005C6375;
			productRefGroup = 54229D9D17978F29005C6375 /* Products */;
			projectDirPath = "";
			projectRoot = "";
			targets = (
				54229D9B17978F29005C6375 /* DLDelineationViewDemo */,
			);
		};
/* End PBXProject section */

/* Begin PBXResourcesBuildPhase section */
		54229D9A17978F29005C6375 /* Resources */ = {
			isa = PBXResourcesBuildPhase;
			buildActionMask = 2147483647;
			files = (
				54229DAA17978F29005C6375 /* InfoPlist.strings in Resources */,
				54229DB217978F29005C6375 /* Default.png in Resources */,
				54229DB417978F29005C6375 /* Default@2x.png in Resources */,
				54229DB617978F29005C6375 /* Default-568h@2x.png in Resources */,
				54229DBC17978F29005C6375 /* ViewController.xib in Resources */,
				54229DC717978F76005C6375 /* test.jpg in Resources */,
			);
			runOnlyForDeploymentPostprocessing = 0;
		};
/* End PBXResourcesBuildPhase section */

/* Begin PBXSourcesBuildPhase section */
		54229D9817978F29005C6375 /* Sources */ = {
			isa = PBXSourcesBuildPhase;
			buildActionMask = 2147483647;
			files = (
				54229DAC17978F29005C6375 /* main.m in Sources */,
				54229DB017978F29005C6375 /* AppDelegate.m in Sources */,
				54229DB917978F29005C6375 /* ViewController.m in Sources */,
				54229DCF1797A17E005C6375 /* DelineationView.m in Sources */,
			);
			runOnlyForDeploymentPostprocessing = 0;
		};
/* End PBXSourcesBuildPhase section */

/* Begin PBXVariantGroup section */
		54229DA817978F29005C6375 /* InfoPlist.strings */ = {
			isa = PBXVariantGroup;
			children = (
				54229DA917978F29005C6375 /* en */,
			);
			name = InfoPlist.strings;
			sourceTree = "<group>";
		};
		54229DBA17978F29005C6375 /* ViewController.xib */ = {
			isa = PBXVariantGroup;
			children = (
				54229DBB17978F29005C6375 /* en */,
			);
			name = ViewController.xib;
			sourceTree = "<group>";
		};
/* End PBXVariantGroup section */

/* Begin XCBuildConfiguration section */
		54229DBD17978F29005C6375 /* Debug */ = {
			isa = XCBuildConfiguration;
			buildSettings = {
				ALWAYS_SEARCH_USER_PATHS = NO;
				CLANG_CXX_LANGUAGE_STANDARD = "gnu++0x";
				CLANG_CXX_LIBRARY = "libc++";
				CLANG_WARN_CONSTANT_CONVERSION = YES;
				CLANG_WARN_EMPTY_BODY = YES;
				CLANG_WARN_ENUM_CONVERSION = YES;
				CLANG_WARN_INT_CONVERSION = YES;
				CLANG_WARN__DUPLICATE_METHOD_MATCH = YES;
				"CODE_SIGN_IDENTITY[sdk=iphoneos*]" = "iPhone Developer";
				COPY_PHASE_STRIP = NO;
				GCC_C_LANGUAGE_STANDARD = gnu99;
				GCC_DYNAMIC_NO_PIC = NO;
				GCC_OPTIMIZATION_LEVEL = 0;
				GCC_PREPROCESSOR_DEFINITIONS = (
					"DEBUG=1",
					"$(inherited)",
				);
				GCC_SYMBOLS_PRIVATE_EXTERN = NO;
				GCC_WARN_ABOUT_RETURN_TYPE = YES;
				GCC_WARN_UNINITIALIZED_AUTOS = YES;
				GCC_WARN_UNUSED_VARIABLE = YES;
				IPHONEOS_DEPLOYMENT_TARGET = 6.1;
				ONLY_ACTIVE_ARCH = YES;
				SDKROOT = iphoneos;
			};
			name = Debug;
		};
		54229DBE17978F29005C6375 /* Release */ = {
			isa = XCBuildConfiguration;
			buildSettings = {
				ALWAYS_SEARCH_USER_PATHS = NO;
				CLANG_CXX_LANGUAGE_STANDARD = "gnu++0x";
				CLANG_CXX_LIBRARY = "libc++";
				CLANG_WARN_CONSTANT_CONVERSION = YES;
				CLANG_WARN_EMPTY_BODY = YES;
				CLANG_WARN_ENUM_CONVERSION = YES;
				CLANG_WARN_INT_CONVERSION = YES;
				CLANG_WARN__DUPLICATE_METHOD_MATCH = YES;
				"CODE_SIGN_IDENTITY[sdk=iphoneos*]" = "iPhone Developer";
				COPY_PHASE_STRIP = YES;
				GCC_C_LANGUAGE_STANDARD = gnu99;
				GCC_WARN_ABOUT_RETURN_TYPE = YES;
				GCC_WARN_UNINITIALIZED_AUTOS = YES;
				GCC_WARN_UNUSED_VARIABLE = YES;
				IPHONEOS_DEPLOYMENT_TARGET = 6.1;
				OTHER_CFLAGS = "-DNS_BLOCK_ASSERTIONS=1";
				SDKROOT = iphoneos;
				VALIDATE_PRODUCT = YES;
			};
			name = Release;
		};
		54229DC017978F29005C6375 /* Debug */ = {
			isa = XCBuildConfiguration;
			buildSettings = {
				GCC_PRECOMPILE_PREFIX_HEADER = YES;
				GCC_PREFIX_HEADER = "DLDelineationViewDemo/DLDelineationViewDemo-Prefix.pch";
				INFOPLIST_FILE = "DLDelineationViewDemo/DLDelineationViewDemo-Info.plist";
				PRODUCT_NAME = "$(TARGET_NAME)";
				WRAPPER_EXTENSION = app;
			};
			name = Debug;
		};
		54229DC117978F29005C6375 /* Release */ = {
			isa = XCBuildConfiguration;
			buildSettings = {
				GCC_PRECOMPILE_PREFIX_HEADER = YES;
				GCC_PREFIX_HEADER = "DLDelineationViewDemo/DLDelineationViewDemo-Prefix.pch";
				INFOPLIST_FILE = "DLDelineationViewDemo/DLDelineationViewDemo-Info.plist";
				PRODUCT_NAME = "$(TARGET_NAME)";
				WRAPPER_EXTENSION = app;
			};
			name = Release;
		};
/* End XCBuildConfiguration section */

/* Begin XCConfigurationList section */
		54229D9717978F29005C6375 /* Build configuration list for PBXProject "DLDelineationViewDemo" */ = {
			isa = XCConfigurationList;
			buildConfigurations = (
				54229DBD17978F29005C6375 /* Debug */,
				54229DBE17978F29005C6375 /* Release */,
			);
			defaultConfigurationIsVisible = 0;
			defaultConfigurationName = Release;
		};
		54229DBF17978F29005C6375 /* Build configuration list for PBXNativeTarget "DLDelineationViewDemo" */ = {
			isa = XCConfigurationList;
			buildConfigurations = (
				54229DC017978F29005C6375 /* Debug */,
				54229DC117978F29005C6375 /* Release */,
			);
			defaultConfigurationIsVisible = 0;
			defaultConfigurationName = Release;
		};
/* End XCConfigurationList section */
	};
	rootObject = 54229D9417978F29005C6375 /* Project object */;
}
